{
  "name": "static",
  "version": "1.0.0",
  "lockfileVersion": 1,
  "requires": true,
  "dependencies": {
    "@types/node": {
      "version": "20.11.21",
      "resolved": "https://registry.npmjs.org/@types/node/-/node-20.11.21.tgz",
      "integrity": "sha512-/ySDLGscFPNasfqStUuWWPfL78jompfIoVzLJPVVAHBh6rpG68+pI2Gk+fNLeI8/f1yPYL4s46EleVIc20F1Ow==",
      "requires": {
        "undici-types": "~5.26.4"
      }
    },
    "@yaireo/tagify": {
      "version": "4.21.1"
    },
    "bootstrap": {
      "version": "5.3.2"
    },
    "canvas-renderer": {
      "version": "2.2.1",
      "resolved": "https://registry.npmjs.org/canvas-renderer/-/canvas-renderer-2.2.1.tgz",
      "integrity": "sha512-RrBgVL5qCEDIXpJ6NrzyRNoTnXxYarqm/cS/W6ERhUJts5UQtt/XPEosGN3rqUkZ4fjBArlnCbsISJ+KCFnIAg==",
      "requires": {
        "@types/node": "*"
      }
    },
    "font-awesome": {
      "version": "4.7.0"
    },
    "jdenticon": {
      "version": "3.2.0",
      "requires": {
        "canvas-renderer": "~2.2.0"
      }
    },
    "jquery": {
      "version": "3.7.1"
    },
    "moment": {
      "version": "2.30.1",
      "resolved": "https://registry.npmjs.org/moment/-/moment-2.30.1.tgz",
      "integrity": "sha512-uEmtNhbDOrWPFS+hdjFCBfy9f2YoyzRpwcl+DqpC6taX21FzsTLQVbMV/W7PzNSX6x/bhC1zA3c2UQ5NzH6how=="
    },
    "summernote": {
      "version": "0.8.20"
    },
    "undici-types": {
      "version": "5.26.5",
      "resolved": "https://registry.npmjs.org/undici-types/-/undici-types-5.26.5.tgz",
      "integrity": "sha512-JlCMO+ehdEIKqlFxk6IfVoAUVmgz7cU7zD/h9XZ0qzeosSHmUJVOzSQvvYSYWXkFXC+IfLKSIffhv0sVZup6pA=="
    }
  }
}
