{
  "name": "static",
  "version": "1.0.0",
  "lockfileVersion": 3,
  "requires": true,
  "packages": {
    "": {
      "name": "static",
      "version": "1.0.0",
      "license": "ISC",
      "dependencies": {
        "@yaireo/tagify": "^4.21.1",
        "bootstrap": "^5.3.2",
        "cropper": "^4.1.0",
        "font-awesome": "^4.7.0",
        "fontawesome": "^5.6.3",
        "jdenticon": "^3.2.0",
        "jquery": "^3.7.1",
        "jquery-cropper": "^1.0.1",
        "mark.js": "^8.11.1",
        "moment": "^2.30.1",
        "summernote": "^0.8.20"
      }
    },
    "node_modules/@types/node": {
      "version": "20.11.19",
      "resolved": "https://registry.npmjs.org/@types/node/-/node-20.11.19.tgz",
      "integrity": "sha512-7xMnVEcZFu0DikYjWOlRq7NTPETrm7teqUT2WkQjrTIkEgUyyGdWsj/Zg8bEJt5TNklzbPD1X3fqfsHw3SpapQ==",
      "dependencies": {
        "undici-types": "~5.26.4"
      }
    },
    "node_modules/@yaireo/tagify": {
      "version": "4.21.1",
      "resolved": "https://registry.npmjs.org/@yaireo/tagify/-/tagify-4.21.1.tgz",
      "integrity": "sha512-5k/IJkMKHlIHpadt5EeEb+MtYPlbsrKFGnbAcQqgUnxhvmI8z3UcPCTW8AYTKpsxHNeJJUfOpDeLwc2d454mfg==",
      "engines": {
        "node": ">=14.20.0",
        "npm": ">=8.0.0"
      },
      "peerDependencies": {
        "prop-types": "^15.7.2"
      }
    },
    "node_modules/bootstrap": {
      "version": "5.3.2",
      "resolved": "https://registry.npmjs.org/bootstrap/-/bootstrap-5.3.2.tgz",
      "integrity": "sha512-D32nmNWiQHo94BKHLmOrdjlL05q1c8oxbtBphQFb9Z5to6eGRDCm0QgeaZ4zFBHzfg2++rqa2JkqCcxDy0sH0g==",
      "funding": [
        {
          "type": "github",
          "url": "https://github.com/sponsors/twbs"
        },
        {
          "type": "opencollective",
          "url": "https://opencollective.com/bootstrap"
        }
      ],
      "peerDependencies": {
        "@popperjs/core": "^2.11.8"
      }
    },
    "node_modules/canvas-renderer": {
      "version": "2.2.1",
      "resolved": "https://registry.npmjs.org/canvas-renderer/-/canvas-renderer-2.2.1.tgz",
      "integrity": "sha512-RrBgVL5qCEDIXpJ6NrzyRNoTnXxYarqm/cS/W6ERhUJts5UQtt/XPEosGN3rqUkZ4fjBArlnCbsISJ+KCFnIAg==",
      "dependencies": {
        "@types/node": "*"
      }
    },
    "node_modules/cropper": {
      "version": "4.1.0",
      "resolved": "https://registry.npmjs.org/cropper/-/cropper-4.1.0.tgz",
      "integrity": "sha512-dNbkWNT606oMgRQ2aYMerDnPpSVLBMTWyERDHsDwih1ahJiVpyfSM9ev/n6G4ElfRG8t0shUZ5FXLg7YtmDdBQ==",
      "dependencies": {
        "cropperjs": "^1.5.6"
      },
      "peerDependencies": {
        "jquery": ">=1.9.1"
      }
    },
    "node_modules/cropperjs": {
      "version": "1.6.1",
      "resolved": "https://registry.npmjs.org/cropperjs/-/cropperjs-1.6.1.tgz",
      "integrity": "sha512-F4wsi+XkDHCOMrHMYjrTEE4QBOrsHHN5/2VsVAaRq8P7E5z7xQpT75S+f/9WikmBEailas3+yo+6zPIomW+NOA=="
    },
    "node_modules/font-awesome": {
      "version": "4.7.0",
      "resolved": "https://registry.npmjs.org/font-awesome/-/font-awesome-4.7.0.tgz",
      "integrity": "sha512-U6kGnykA/6bFmg1M/oT9EkFeIYv7JlX3bozwQJWiiLz6L0w3F5vBVPxHlwyX/vtNq1ckcpRKOB9f2Qal/VtFpg==",
      "engines": {
        "node": ">=0.10.3"
      }
    },
    "node_modules/fontawesome": {
      "version": "5.6.3",
      "resolved": "https://registry.npmjs.org/fontawesome/-/fontawesome-5.6.3.tgz",
      "integrity": "sha512-FCc+CawwsJWWprVEg9X14yI7zI+l9YVAyhzgu70qwGeDn0tLLDH/dVfqgij72g4BBGgLGfK2qnvFGAmYUkhaWg=="
    },
    "node_modules/jdenticon": {
      "version": "3.2.0",
      "resolved": "https://registry.npmjs.org/jdenticon/-/jdenticon-3.2.0.tgz",
      "integrity": "sha512-z6Iq3fTODUMSOiR2nNYrqigS6Y0GvdXfyQWrUby7htDHvX7GNEwaWR4hcaL+FmhEgBe08Xkup/BKxXQhDJByPA==",
      "dependencies": {
        "canvas-renderer": "~2.2.0"
      },
      "bin": {
        "jdenticon": "bin/jdenticon.js"
      },
      "engines": {
        "node": ">=6.4.0"
      }
    },
    "node_modules/jquery": {
      "version": "3.7.1",
      "resolved": "https://registry.npmjs.org/jquery/-/jquery-3.7.1.tgz",
      "integrity": "sha512-m4avr8yL8kmFN8psrbFFFmB/If14iN5o9nw/NgnnM+kybDJpRsAynV2BsfpTYrTRysYUdADVD7CkUUizgkpLfg=="
    },
    "node_modules/jquery-cropper": {
      "version": "1.0.1",
      "resolved": "https://registry.npmjs.org/jquery-cropper/-/jquery-cropper-1.0.1.tgz",
      "integrity": "sha512-KGlY8b0IJQi2Bxe3lqMKmd5Z2Ce4GrnDE5O8Iciza9xCzXISkL6EqX/jFHwnLL1H6Q4FGjoRguuv3lxezsbKJQ==",
      "peerDependencies": {
        "cropperjs": ">=1.0.0",
        "jquery": ">=1.9.1"
      }
    },
    "node_modules/mark.js": {
      "version": "8.11.1",
      "resolved": "https://registry.npmjs.org/mark.js/-/mark.js-8.11.1.tgz",
      "integrity": "sha512-1I+1qpDt4idfgLQG+BNWmrqku+7/2bi5nLf4YwF8y8zXvmfiTBY3PV3ZibfrjBueCByROpuBjLLFCajqkgYoLQ=="
    },
    "node_modules/moment": {
      "version": "2.30.1",
      "resolved": "https://registry.npmjs.org/moment/-/moment-2.30.1.tgz",
      "integrity": "sha512-uEmtNhbDOrWPFS+hdjFCBfy9f2YoyzRpwcl+DqpC6taX21FzsTLQVbMV/W7PzNSX6x/bhC1zA3c2UQ5NzH6how==",
      "engines": {
        "node": "*"
      }
    },
    "node_modules/summernote": {
      "version": "0.8.20",
      "resolved": "https://registry.npmjs.org/summernote/-/summernote-0.8.20.tgz",
      "integrity": "sha512-W9RhjQjsn+b1s9xiJQgJbCiYGJaDAc9CdEqXo+D13WuStG8lCdtKaO5AiNiSSMJsQJN2EfGSwbBQt+SFE2B8Kw==",
      "hasInstallScript": true
    },
    "node_modules/undici-types": {
      "version": "5.26.5",
      "resolved": "https://registry.npmjs.org/undici-types/-/undici-types-5.26.5.tgz",
      "integrity": "sha512-JlCMO+ehdEIKqlFxk6IfVoAUVmgz7cU7zD/h9XZ0qzeosSHmUJVOzSQvvYSYWXkFXC+IfLKSIffhv0sVZup6pA=="
    }
  }
}
